
Microsoft Visual Studio Solution File, Format Version 12.00
Project("{FAE04EC0-301F-11D3-BF4B-00C04F79EFBC}") = "Melbourne", "Melbourne\Melbourne.csproj", "{176DF0A2-F2AC-4215-9FD4-0D5BED25C3EC}"
EndProject
Global
	GlobalSection(SolutionConfigurationPlatforms) = preSolution
		Debug|Any CPU = Debug|Any CPU
		Release|Any CPU = Release|Any CPU
	EndGlobalSection
	GlobalSection(ProjectConfigurationPlatforms) = postSolution
		{176DF0A2-F2AC-4215-9FD4-0D5BED25C3EC}.Debug|Any CPU.ActiveCfg = Debug|Any CPU
		{176DF0A2-F2AC-4215-9FD4-0D5BED25C3EC}.Debug|Any CPU.Build.0 = Debug|Any CPU
		{176DF0A2-F2AC-4215-9FD4-0D5BED25C3EC}.Release|Any CPU.ActiveCfg = Release|Any CPU
		{176DF0A2-F2AC-4215-9FD4-0D5BED25C3EC}.Release|Any CPU.Build.0 = Release|Any CPU
	EndGlobalSection
EndGlobal
